hash: bb91c33e4a3bf1dadf73f28abb739dae3975c95d29ca1e0bfb4ce18de7427a6d
updated: 2018-07-23T17:00:04.823646+03:00
imports:
- name: github.com/aristanetworks/goarista
  version: 32f94db2e6faa2c7250286dfb4c7ad3dc0f3ead2
  subpackages:
  - monotime
- name: github.com/btcsuite/btcd
  version: bc3861a5a2779773d7d19408a7e2bed0f5feab2c
  subpackages:
  - btcec
- name: github.com/chzyer/readline
  version: 62c6fe6193755f722b8b8788aa7357be55a50ff1
- name: github.com/cihub/seelog
  version: d2c6e5aa9fbfdd1c624e140287063c7730654115
- name: github.com/davecgh/go-spew
  version: 8991bc29aa16c548c550c7ff78260e27b9ab7c73
  subpackages:
  - spew
- name: github.com/ethereum/go-ethereum
  version: 329ac18ef617d0238f71637bffe78f028b0f13f7
  subpackages:
  - accounts
  - accounts/abi
  - accounts/abi/bind
  - accounts/keystore
  - common
  - common/hexutil
  - common/math
  - common/mclock
  - core/types
  - crypto
  - crypto/randentropy
  - crypto/secp256k1
  - crypto/sha3
  - ethclient
  - ethdb
  - event
  - log
  - metrics
  - params
  - rlp
  - rpc
  - trie
- name: github.com/go-stack/stack
  version: 259ab82a6cad3992b4e21ff5cac294ccb06474bc
- name: github.com/golang/snappy
  version: 2e65f85255dbc3072edf28d6b5b8efc472979f5a
- name: github.com/julienschmidt/httprouter
  version: 8c199fb6259ffc1af525cc3ad52ee60ba8359669
- name: github.com/mitchellh/go-homedir
  version: b8bc1bf767474819792c23f32d8286a45736f1c6
- name: github.com/MysteriumNetwork/payments
  version: 668aca9395422a07544797fb96bb32a743e83d61
  subpackages:
  - identity
  - registry
  - registry/generated
- name: github.com/nats-io/go-nats
  version: d66cb54e6b7bdd93f0b28afc8450d84c780dfb68
  subpackages:
  - encoders/builtin
  - util
- name: github.com/nats-io/nuid
  version: 3024a71c3cbe30667286099921591e6fcc328230
- name: github.com/oschwald/geoip2-golang
  version: 5b1dc16861f81d05d9836bb21c2d0d65282fc0b8
- name: github.com/oschwald/maxminddb-golang
  version: 8727e98aa1b91610eb184ed1ab615943b8d9deb0
- name: github.com/pborman/uuid
  version: c65b2f87fee37d1c7854c9164a450713c28d50cd
- name: github.com/pmezard/go-difflib
  version: 792786c7400a136282c1664665ae0a8db921c6c2
  subpackages:
  - difflib
- name: github.com/rjeczalik/notify
  version: 52ae50d8490436622a8941bd70c3dbe0acdd4bbf
- name: github.com/rs/cors
  version: 694cf2ad010fcf91ee35161f5bfdad8f42ed1b9a
- name: github.com/satori/go.uuid
  version: f58768cc1a7a7e77a3bd49e98cdd21419399b6a3
- name: github.com/stretchr/testify
  version: f35b8ab0b5a2cef36673838d662e249dd9c94686
  subpackages:
  - assert
  - require
  - suite
- name: github.com/syndtr/goleveldb
  version: c4c61651e9e37fa117f53c5a906d3b63090d8445
  subpackages:
  - leveldb
  - leveldb/cache
  - leveldb/comparer
  - leveldb/errors
  - leveldb/filter
  - leveldb/iterator
  - leveldb/journal
  - leveldb/memdb
  - leveldb/opt
  - leveldb/storage
  - leveldb/table
  - leveldb/util
- name: golang.org/x/crypto
  version: a49355c7e3f8fe157a85be2f77e6e269a0f89602
  subpackages:
  - pbkdf2
  - scrypt
- name: golang.org/x/net
  version: a680a1efc54dd51c040b3b5ce4939ea3cf2ea0d1
  subpackages:
  - websocket
- name: golang.org/x/sys
  version: ac767d655b305d4e9612f5f6e33120b9176c4ad4
  subpackages:
  - unix
  - windows
- name: golang.org/x/tools
  version: fd2d2c45eb2dff7b87eab4303a1016b4dbf95e81
  subpackages:
  - go/ast/astutil
  - imports
  - internal/fastwalk
- name: gopkg.in/fatih/set.v0
  version: 168a5d71ba0669ae06888225478d73a113f1687e
- name: gopkg.in/karalabe/cookiejar.v2
  version: 8dcd6a7f4951f6ff3ee9cbb919a06d8925822e57
  subpackages:
  - collections/prque
- name: gopkg.in/natefinch/npipe.v2
  version: c1b8fa8bdccecb0b8db834ee0b92fdbcfa606dd6
testImports: []
